
Microsoft Visual Studio Solution File, Format Version 12.00
# Visual Studio 15
Project("{FAE04EC0-301F-11D3-BF4B-00C04F79EFBC}") = "DealCard", "DealCard.csproj", "{94F3ED51-0EAD-62E2-5978-0F50DB32C2DC}"
EndProject
Global
	GlobalSection(SolutionConfigurationPlatforms) = preSolution
		Debug|Any CPU = Debug|Any CPU
		Release|Any CPU = Release|Any CPU
	EndGlobalSection
	GlobalSection(ProjectConfigurationPlatforms) = postSolution
		{94F3ED51-0EAD-62E2-5978-0F50DB32C2DC}.Debug|Any CPU.ActiveCfg = Debug|Any CPU
		{94F3ED51-0EAD-62E2-5978-0F50DB32C2DC}.Debug|Any CPU.Build.0 = Debug|Any CPU
		{94F3ED51-0EAD-62E2-5978-0F50DB32C2DC}.Release|Any CPU.ActiveCfg = Release|Any CPU
		{94F3ED51-0EAD-62E2-5978-0F50DB32C2DC}.Release|Any CPU.Build.0 = Release|Any CPU
	EndGlobalSection
	GlobalSection(SolutionProperties) = preSolution
		HideSolutionNode = FALSE
	EndGlobalSection
EndGlobal
